
Microsoft Visual Studio Solution File, Format Version 12.00
# Visual Studio Version 17
VisualStudioVersion = 17.8.34205.153
MinimumVisualStudioVersion = 10.0.40219.1
Project("{FAE04EC0-301F-11D3-BF4B-00C04F79EFBC}") = "CreateDocumentation", "CreateDocumentation\CreateDocumentation.csproj", "{4C70C1FE-1085-4BC3-A83D-6E1A8481D5DF}"
EndProject
Project("{FAE04EC0-301F-11D3-BF4B-00C04F79EFBC}") = "Common", "..\..\Common\Common.csproj", "{ECA99B2B-FC40-4B69-AEC8-585519110531}"
EndProject
Project("{FAE04EC0-301F-11D3-BF4B-00C04F79EFBC}") = "ClearBlazor", "..\..\ClearBlazor\ClearBlazor.csproj", "{55E7263C-C4F7-4A5C-8E1E-24D291784ED1}"
EndProject
Global
	GlobalSection(SolutionConfigurationPlatforms) = preSolution
		Debug|Any CPU = Debug|Any CPU
		Release|Any CPU = Release|Any CPU
	EndGlobalSection
	GlobalSection(ProjectConfigurationPlatforms) = postSolution
		{4C70C1FE-1085-4BC3-A83D-6E1A8481D5DF}.Debug|Any CPU.ActiveCfg = Debug|Any CPU
		{4C70C1FE-1085-4BC3-A83D-6E1A8481D5DF}.Debug|Any CPU.Build.0 = Debug|Any CPU
		{4C70C1FE-1085-4BC3-A83D-6E1A8481D5DF}.Release|Any CPU.ActiveCfg = Release|Any CPU
		{4C70C1FE-1085-4BC3-A83D-6E1A8481D5DF}.Release|Any CPU.Build.0 = Release|Any CPU
		{ECA99B2B-FC40-4B69-AEC8-585519110531}.Debug|Any CPU.ActiveCfg = Debug|Any CPU
		{ECA99B2B-FC40-4B69-AEC8-585519110531}.Debug|Any CPU.Build.0 = Debug|Any CPU
		{ECA99B2B-FC40-4B69-AEC8-585519110531}.Release|Any CPU.ActiveCfg = Release|Any CPU
		{ECA99B2B-FC40-4B69-AEC8-585519110531}.Release|Any CPU.Build.0 = Release|Any CPU
		{55E7263C-C4F7-4A5C-8E1E-24D291784ED1}.Debug|Any CPU.ActiveCfg = Debug|Any CPU
		{55E7263C-C4F7-4A5C-8E1E-24D291784ED1}.Debug|Any CPU.Build.0 = Debug|Any CPU
		{55E7263C-C4F7-4A5C-8E1E-24D291784ED1}.Release|Any CPU.ActiveCfg = Release|Any CPU
		{55E7263C-C4F7-4A5C-8E1E-24D291784ED1}.Release|Any CPU.Build.0 = Release|Any CPU
	EndGlobalSection
	GlobalSection(SolutionProperties) = preSolution
		HideSolutionNode = FALSE
	EndGlobalSection
	GlobalSection(ExtensibilityGlobals) = postSolution
		SolutionGuid = {38BF1354-7049-4AB2-8B17-D455C21FA520}
	EndGlobalSection
EndGlobal
