
Microsoft Visual Studio Solution File, Format Version 12.00
# Visual Studio Version 17
VisualStudioVersion = 17.13.35605.110 d17.13
MinimumVisualStudioVersion = 10.0.40219.1
Project("{FAE04EC0-301F-11D3-BF4B-00C04F79EFBC}") = "ClearBlazorSkiaTest.Web", "ClearBlazorSkiaTest\ClearBlazorSkiaTest.Web.csproj", "{78D55ED0-CF02-4C98-A9F9-1B2FF4B2A156}"
EndProject
Project("{FAE04EC0-301F-11D3-BF4B-00C04F79EFBC}") = "ClearBlazorSkia", "..\ClearBlazorSkia\ClearBlazorSkia.csproj", "{EAC7F2ED-AB89-4D79-A4F6-12DDA8513CC8}"
EndProject
Project("{FAE04EC0-301F-11D3-BF4B-00C04F79EFBC}") = "ClearBlazorSkiaTestCore", "..\ClearBlazorSkiaTestCore\RazorClassLibrary1\ClearBlazorSkiaTestCore.csproj", "{EFD80699-78E2-4736-8E50-0763412C4F1F}"
EndProject
Global
	GlobalSection(SolutionConfigurationPlatforms) = preSolution
		Debug|Any CPU = Debug|Any CPU
		Release|Any CPU = Release|Any CPU
	EndGlobalSection
	GlobalSection(ProjectConfigurationPlatforms) = postSolution
		{78D55ED0-CF02-4C98-A9F9-1B2FF4B2A156}.Debug|Any CPU.ActiveCfg = Debug|Any CPU
		{78D55ED0-CF02-4C98-A9F9-1B2FF4B2A156}.Debug|Any CPU.Build.0 = Debug|Any CPU
		{78D55ED0-CF02-4C98-A9F9-1B2FF4B2A156}.Release|Any CPU.ActiveCfg = Release|Any CPU
		{78D55ED0-CF02-4C98-A9F9-1B2FF4B2A156}.Release|Any CPU.Build.0 = Release|Any CPU
		{EAC7F2ED-AB89-4D79-A4F6-12DDA8513CC8}.Debug|Any CPU.ActiveCfg = Debug|Any CPU
		{EAC7F2ED-AB89-4D79-A4F6-12DDA8513CC8}.Debug|Any CPU.Build.0 = Debug|Any CPU
		{EAC7F2ED-AB89-4D79-A4F6-12DDA8513CC8}.Release|Any CPU.ActiveCfg = Release|Any CPU
		{EAC7F2ED-AB89-4D79-A4F6-12DDA8513CC8}.Release|Any CPU.Build.0 = Release|Any CPU
		{EFD80699-78E2-4736-8E50-0763412C4F1F}.Debug|Any CPU.ActiveCfg = Debug|Any CPU
		{EFD80699-78E2-4736-8E50-0763412C4F1F}.Debug|Any CPU.Build.0 = Debug|Any CPU
		{EFD80699-78E2-4736-8E50-0763412C4F1F}.Release|Any CPU.ActiveCfg = Release|Any CPU
		{EFD80699-78E2-4736-8E50-0763412C4F1F}.Release|Any CPU.Build.0 = Release|Any CPU
	EndGlobalSection
	GlobalSection(SolutionProperties) = preSolution
		HideSolutionNode = FALSE
	EndGlobalSection
	GlobalSection(ExtensibilityGlobals) = postSolution
		SolutionGuid = {D0F0AD81-8A22-433B-895C-1F89B1858D2D}
	EndGlobalSection
EndGlobal
