
Microsoft Visual Studio Solution File, Format Version 12.00
# Visual Studio Version 17
VisualStudioVersion = 17.1.32104.313
MinimumVisualStudioVersion = 10.0.40219.1
Project("{9A19103F-16F7-4668-BE54-9A1E7A4F7556}") = "ComponentsTest.Wpf", "ComponentsTest.Wpf\ComponentsTest.Wpf.csproj", "{856D7068-26F7-418E-8299-B1858A117B3C}"
EndProject
Project("{9A19103F-16F7-4668-BE54-9A1E7A4F7556}") = "ComponentsTest.Shared", "ComponentsTest.Shared\ComponentsTest.Shared.csproj", "{74395F13-59C7-4C19-B58B-5137F827EE01}"
EndProject
Project("{9A19103F-16F7-4668-BE54-9A1E7A4F7556}") = "ComponentsTest.Web", "ComponentsTest.Web\ComponentsTest.Web.csproj", "{6C247134-2302-474D-A5F6-393F8F82EE30}"
	ProjectSection(ProjectDependencies) = postProject
		{74395F13-59C7-4C19-B58B-5137F827EE01} = {74395F13-59C7-4C19-B58B-5137F827EE01}
	EndProjectSection
EndProject
Project("{9A19103F-16F7-4668-BE54-9A1E7A4F7556}") = "ClearBlazor", "..\ClearBlazor\ClearBlazor.csproj", "{8FAD74A6-4F47-4217-B91E-18629F8CBB0F}"
EndProject
Global
	GlobalSection(SolutionConfigurationPlatforms) = preSolution
		Debug|Any CPU = Debug|Any CPU
		Release|Any CPU = Release|Any CPU
	EndGlobalSection
	GlobalSection(ProjectConfigurationPlatforms) = postSolution
		{856D7068-26F7-418E-8299-B1858A117B3C}.Debug|Any CPU.ActiveCfg = Debug|Any CPU
		{856D7068-26F7-418E-8299-B1858A117B3C}.Debug|Any CPU.Build.0 = Debug|Any CPU
		{856D7068-26F7-418E-8299-B1858A117B3C}.Release|Any CPU.ActiveCfg = Release|Any CPU
		{856D7068-26F7-418E-8299-B1858A117B3C}.Release|Any CPU.Build.0 = Release|Any CPU
		{74395F13-59C7-4C19-B58B-5137F827EE01}.Debug|Any CPU.ActiveCfg = Debug|Any CPU
		{74395F13-59C7-4C19-B58B-5137F827EE01}.Debug|Any CPU.Build.0 = Debug|Any CPU
		{74395F13-59C7-4C19-B58B-5137F827EE01}.Release|Any CPU.ActiveCfg = Release|Any CPU
		{74395F13-59C7-4C19-B58B-5137F827EE01}.Release|Any CPU.Build.0 = Release|Any CPU
		{6C247134-2302-474D-A5F6-393F8F82EE30}.Debug|Any CPU.ActiveCfg = Debug|Any CPU
		{6C247134-2302-474D-A5F6-393F8F82EE30}.Debug|Any CPU.Build.0 = Debug|Any CPU
		{6C247134-2302-474D-A5F6-393F8F82EE30}.Release|Any CPU.ActiveCfg = Release|Any CPU
		{6C247134-2302-474D-A5F6-393F8F82EE30}.Release|Any CPU.Build.0 = Release|Any CPU
		{8FAD74A6-4F47-4217-B91E-18629F8CBB0F}.Debug|Any CPU.ActiveCfg = Debug|Any CPU
		{8FAD74A6-4F47-4217-B91E-18629F8CBB0F}.Debug|Any CPU.Build.0 = Debug|Any CPU
		{8FAD74A6-4F47-4217-B91E-18629F8CBB0F}.Release|Any CPU.ActiveCfg = Release|Any CPU
		{8FAD74A6-4F47-4217-B91E-18629F8CBB0F}.Release|Any CPU.Build.0 = Release|Any CPU
	EndGlobalSection
	GlobalSection(SolutionProperties) = preSolution
		HideSolutionNode = FALSE
	EndGlobalSection
	GlobalSection(ExtensibilityGlobals) = postSolution
		SolutionGuid = {813DF55C-4B73-49DC-A706-5A89E948E83F}
	EndGlobalSection
EndGlobal
